<Solution>
  <Project Path="movie-shop-asp.client/movie-shop-asp.client.esproj">
    <Build />
    <Deploy />
  </Project>
  <Project Path="movie-shop-asp.Server/movie-shop-asp.Server.csproj" />
  <Project Path="Movie.Domain/Movie.Domain.csproj" />
  <Project Path="Movie.Infrastructure/Movie.Infrastructure.csproj" />
  <Project Path="SeedWork/SeedWork.csproj" Id="861dad0f-3bc6-4245-bdd5-318a84acc7f2" />
</Solution>
